
Microsoft Visual Studio Solution File, Format Version 12.00
# Visual Studio Version 16
VisualStudioVersion = 16.0.29709.97
MinimumVisualStudioVersion = 10.0.40219.1
Project("{9A19103F-16F7-4668-BE54-9A1E7A4F7556}") = "myPOS.Web", "myPOS\myPOS.Web.csproj", "{2BEEA917-DBEB-41AA-9CD3-FA2E275E8D1E}"
EndProject
Project("{9A19103F-16F7-4668-BE54-9A1E7A4F7556}") = "myPOS.Data", "myPOS.Data\myPOS.Data.csproj", "{DC42304F-D3C0-4C47-BFA7-8E38269A5E1C}"
EndProject
Project("{9A19103F-16F7-4668-BE54-9A1E7A4F7556}") = "myPOS.Entities", "myPOS.Entities\myPOS.Entities.csproj", "{6736FC96-67B8-454A-9CB2-FB7A80441D74}"
EndProject
Project("{9A19103F-16F7-4668-BE54-9A1E7A4F7556}") = "myPOS.Services", "myPOS.Services\myPOS.Services.csproj", "{E21C3B9A-61DE-4BB9-9E95-41C9FE4CB8F3}"
EndProject
Project("{2150E333-8FDC-42A3-9474-1A3956D46DE8}") = "Solution Items", "Solution Items", "{C091C72E-D0EE-4D63-A6A5-6C603E5FCD24}"
	ProjectSection(SolutionItems) = preProject
		.editorconfig = .editorconfig
	EndProjectSection
EndProject
Global
	GlobalSection(SolutionConfigurationPlatforms) = preSolution
		Debug|Any CPU = Debug|Any CPU
		Release|Any CPU = Release|Any CPU
	EndGlobalSection
	GlobalSection(ProjectConfigurationPlatforms) = postSolution
		{2BEEA917-DBEB-41AA-9CD3-FA2E275E8D1E}.Debug|Any CPU.ActiveCfg = Debug|Any CPU
		{2BEEA917-DBEB-41AA-9CD3-FA2E275E8D1E}.Debug|Any CPU.Build.0 = Debug|Any CPU
		{2BEEA917-DBEB-41AA-9CD3-FA2E275E8D1E}.Release|Any CPU.ActiveCfg = Release|Any CPU
		{2BEEA917-DBEB-41AA-9CD3-FA2E275E8D1E}.Release|Any CPU.Build.0 = Release|Any CPU
		{DC42304F-D3C0-4C47-BFA7-8E38269A5E1C}.Debug|Any CPU.ActiveCfg = Debug|Any CPU
		{DC42304F-D3C0-4C47-BFA7-8E38269A5E1C}.Debug|Any CPU.Build.0 = Debug|Any CPU
		{DC42304F-D3C0-4C47-BFA7-8E38269A5E1C}.Release|Any CPU.ActiveCfg = Release|Any CPU
		{DC42304F-D3C0-4C47-BFA7-8E38269A5E1C}.Release|Any CPU.Build.0 = Release|Any CPU
		{6736FC96-67B8-454A-9CB2-FB7A80441D74}.Debug|Any CPU.ActiveCfg = Debug|Any CPU
		{6736FC96-67B8-454A-9CB2-FB7A80441D74}.Debug|Any CPU.Build.0 = Debug|Any CPU
		{6736FC96-67B8-454A-9CB2-FB7A80441D74}.Release|Any CPU.ActiveCfg = Release|Any CPU
		{6736FC96-67B8-454A-9CB2-FB7A80441D74}.Release|Any CPU.Build.0 = Release|Any CPU
		{E21C3B9A-61DE-4BB9-9E95-41C9FE4CB8F3}.Debug|Any CPU.ActiveCfg = Debug|Any CPU
		{E21C3B9A-61DE-4BB9-9E95-41C9FE4CB8F3}.Debug|Any CPU.Build.0 = Debug|Any CPU
		{E21C3B9A-61DE-4BB9-9E95-41C9FE4CB8F3}.Release|Any CPU.ActiveCfg = Release|Any CPU
		{E21C3B9A-61DE-4BB9-9E95-41C9FE4CB8F3}.Release|Any CPU.Build.0 = Release|Any CPU
	EndGlobalSection
	GlobalSection(SolutionProperties) = preSolution
		HideSolutionNode = FALSE
	EndGlobalSection
	GlobalSection(ExtensibilityGlobals) = postSolution
		SolutionGuid = {8A965912-E68F-4CB1-A664-6F7D426E5B15}
	EndGlobalSection
EndGlobal
